{
    "_meta": {
        "hash": {
            "sha256": "bdf6f17d5a95ea45da31057fd690a9a7cbb6e020dedd5754c02157a60b3c7c6b"
        },
        "pipfile-spec": 6,
        "requires": {
            "python_full_version": "3.9.16",
            "python_version": "3.9"
        },
        "sources": [
            {
                "name": "pypi",
                "url": "https://pypi.org/simple",
                "verify_ssl": true
            }
        ]
    },
    "default": {
        "aiofiles": {
            "hashes": [
                "sha256:9312414ae06472eb6f1d163f555e466a23aed1c8f60c30cccf7121dba2e53eb2",
                "sha256:edd247df9a19e0db16534d4baaf536d6609a43e1de5401d7a4c1c148753a1635"
            ],
            "markers": "python_version >= '3.7' and python_version < '4.0'",
            "version": "==23.1.0"
        },
        "aiohttp": {
            "hashes": [
                "sha256:173267050501e1537293df06723bc5e719990889e2820ba3932969983892e960",
                "sha256:438f1f1555c02c50894604d94944cff188fe138b46467b7fa99fdceb51ab5842",
                "sha256:90bed250d1435aef33a1f8c439c5056d5d25a44fe6caf33fcafafed805bad4dc",
                "sha256:93c3b14747413f38f094a60e98f55e73831f0c9a23ae7faa3dc97d8963e13021",
                "sha256:a6e70a38d883185b1921d8122759661c39ade54949770394412a9e713fec6fa7",
                "sha256:b5036133c1ba77ed5a70208d2a021a90b76fdf8bf523ae33dae46d4f4380d86f",
                "sha256:c138451a82cdbf65cddf952941d5c7a1a2cac8ce3bc618dee8d889e5251ec7a5",
                "sha256:c94770383e49f9cc5912b926364ad022a6c8a5dbf5498933ca3a5713c6daf738",
                "sha256:ea26536ae06df6dac021303a0df72c79e55512070e6a304ba93ad468a3a754dc"
            ],
            "index": "pypi",
            "version": "==4.0.0a1"
        },
        "aioredis": {
            "hashes": [
                "sha256:9ac0d0b3b485d293b8ca1987e6de8658d7dafcca1cddfcd1d506cae8cdebfdd6",
                "sha256:eaa51aaf993f2d71f54b70527c440437ba65340588afeb786cd87c55c89cd98e"
            ],
            "index": "pypi",
            "version": "==2.0.1"
        },
        "aiosqlite": {
            "hashes": [
                "sha256:6c49dc6d3405929b1d08eeccc72306d3677503cc5e5e43771efc1e00232e8231",
                "sha256:f0e6acc24bc4864149267ac82fb46dfb3be4455f99fe21df82609cc6e6baee51"
            ],
            "markers": "python_version >= '3.6'",
            "version": "==0.17.0"
        },
        "async-timeout": {
            "hashes": [
                "sha256:0c3c816a028d47f659d6ff5c745cb2acf1f966da1fe5c19c77a70282b25f4c5f",
                "sha256:4291ca197d287d274d0b6cb5d6f8f8f82d434ed288f962539ff18cc9012f9ea3"
            ],
            "markers": "python_full_version >= '3.5.3'",
            "version": "==3.0.1"
        },
        "asyncpg": {
            "hashes": [
                "sha256:16ba8ec2e85d586b4a12bcd03e8d29e3d99e832764d6a1d0b8c27dbbe4a2569d",
                "sha256:18f77e8e71e826ba2d0c3ba6764930776719ae2b225ca07e014590545928b576",
                "sha256:1b6499de06fe035cf2fa932ec5617ed3f37d4ebbf663b655922e105a484a6af9",
                "sha256:20b596d8d074f6f695c13ffb8646d0b6bb1ab570ba7b0cfd349b921ff03cfc1e",
                "sha256:2232ebae9796d4600a7819fc383da78ab51b32a092795f4555575fc934c1c89d",
                "sha256:4750f5cf49ed48a6e49c6e5aed390eee367694636c2dcfaf4a273ca832c5c43c",
                "sha256:4bb366ae34af5b5cabc3ac6a5347dfb6013af38c68af8452f27968d49085ecc0",
                "sha256:5710cb0937f696ce303f5eed6d272e3f057339bb4139378ccecafa9ee923a71c",
                "sha256:609054a1f47292a905582a1cfcca51a6f3f30ab9d822448693e66fdddde27920",
                "sha256:62932f29cf2433988fcd799770ec64b374a3691e7902ecf85da14d5e0854d1ea",
                "sha256:69aa1b443a182b13a17ff926ed6627af2d98f62f2fe5890583270cc4073f63bf",
                "sha256:71cca80a056ebe19ec74b7117b09e650990c3ca535ac1c35234a96f65604192f",
                "sha256:720986d9a4705dd8a40fdf172036f5ae787225036a7eb46e704c45aa8f62c054",
                "sha256:768e0e7c2898d40b16d4ef7a0b44e8150db3dd8995b4652aa1fe2902e92c7df8",
                "sha256:7a6206210c869ebd3f4eb9e89bea132aefb56ff3d1b7dd7e26b102b17e27bbb1",
                "sha256:7d8585707ecc6661d07367d444bbaa846b4e095d84451340da8df55a3757e152",
                "sha256:8113e17cfe236dc2277ec844ba9b3d5312f61bd2fdae6d3ed1c1cdd75f6cf2d8",
                "sha256:879c29a75969eb2722f94443752f4720d560d1e748474de54ae8dd230bc4956b",
                "sha256:88b62164738239f62f4af92567b846a8ef7cf8abf53eddd83650603de4d52163",
                "sha256:8934577e1ed13f7d2d9cea3cc016cc6f95c19faedea2c2b56a6f94f257cea672",
                "sha256:9654085f2b22f66952124de13a8071b54453ff972c25c59b5ce1173a4283ffd9",
                "sha256:975a320baf7020339a67315284a4d3bf7460e664e484672bd3e71dbd881bc692",
                "sha256:9a3a4ff43702d39e3c97a8786314123d314e0f0e4dabc8367db5b665c93914de",
                "sha256:a7a94c03386bb95456b12c66026b3a87d1b965f0f1e5733c36e7229f8f137747",
                "sha256:ab0f21c4818d46a60ca789ebc92327d6d874d3b7ccff3963f7af0a21dc6cff52",
                "sha256:bb71211414dd1eeb8d31ec529fe77cff04bf53efc783a5f6f0a32d84923f45cf",
                "sha256:bf21ebf023ec67335258e0f3d3ad7b91bb9507985ba2b2206346de488267cad0",
                "sha256:bfc3980b4ba6f97138b04f0d32e8af21d6c9fa1f8e6e140c07d15690a0a99279",
                "sha256:c2232d4625c558f2aa001942cac1d7952aa9f0dbfc212f63bc754277769e1ef2",
                "sha256:ccddb9419ab4e1c48742457d0c0362dbdaeb9b28e6875115abfe319b29ee225d",
                "sha256:d20dea7b83651d93b1eb2f353511fe7fd554752844523f17ad30115d8b9c8cd6",
                "sha256:e56ac8a8237ad4adec97c0cd4728596885f908053ab725e22900b5902e7f8e69",
                "sha256:eb4b2fdf88af4fb1cc569781a8f933d2a73ee82cd720e0cb4edabbaecf2a905b",
                "sha256:eca01eb112a39d31cc4abb93a5aef2a81514c23f70956729f42fb83b11b3483f",
                "sha256:fca608d199ffed4903dce1bcd97ad0fe8260f405c1c225bdf0002709132171c2",
                "sha256:fddcacf695581a8d856654bc4c8cfb73d5c9df26d5f55201722d3e6a699e9629"
            ],
            "index": "pypi",
            "version": "==0.27.0"
        },
        "attrs": {
            "hashes": [
                "sha256:29e95c7f6778868dbd49170f98f8818f78f3dc5e0e37c0b1f474e3561b240836",
                "sha256:c9227bfc2f01993c03f68db37d1d15c9690188323c067c641f1a35ca58185f99"
            ],
            "markers": "python_version >= '3.6'",
            "version": "==22.2.0"
        },
        "bcrypt": {
            "hashes": [
                "sha256:089098effa1bc35dc055366740a067a2fc76987e8ec75349eb9484061c54f535",
                "sha256:08d2947c490093a11416df18043c27abe3921558d2c03e2076ccb28a116cb6d0",
                "sha256:0eaa47d4661c326bfc9d08d16debbc4edf78778e6aaba29c1bc7ce67214d4410",
                "sha256:27d375903ac8261cfe4047f6709d16f7d18d39b1ec92aaf72af989552a650ebd",
                "sha256:2b3ac11cf45161628f1f3733263e63194f22664bf4d0c0f3ab34099c02134665",
                "sha256:2caffdae059e06ac23fce178d31b4a702f2a3264c20bfb5ff541b338194d8fab",
                "sha256:3100851841186c25f127731b9fa11909ab7b1df6fc4b9f8353f4f1fd952fbf71",
                "sha256:5ad4d32a28b80c5fa6671ccfb43676e8c1cc232887759d1cd7b6f56ea4355215",
                "sha256:67a97e1c405b24f19d08890e7ae0c4f7ce1e56a712a016746c8b2d7732d65d4b",
                "sha256:705b2cea8a9ed3d55b4491887ceadb0106acf7c6387699fca771af56b1cdeeda",
                "sha256:8a68f4341daf7522fe8d73874de8906f3a339048ba406be6ddc1b3ccb16fc0d9",
                "sha256:a522427293d77e1c29e303fc282e2d71864579527a04ddcfda6d4f8396c6c36a",
                "sha256:ae88eca3024bb34bb3430f964beab71226e761f51b912de5133470b649d82344",
                "sha256:b1023030aec778185a6c16cf70f359cbb6e0c289fd564a7cfa29e727a1c38f8f",
                "sha256:b3b85202d95dd568efcb35b53936c5e3b3600c7cdcc6115ba461df3a8e89f38d",
                "sha256:b57adba8a1444faf784394de3436233728a1ecaeb6e07e8c22c8848f179b893c",
                "sha256:bf4fa8b2ca74381bb5442c089350f09a3f17797829d958fad058d6e44d9eb83c",
                "sha256:ca3204d00d3cb2dfed07f2d74a25f12fc12f73e606fcaa6975d1f7ae69cacbb2",
                "sha256:cbb03eec97496166b704ed663a53680ab57c5084b2fc98ef23291987b525cb7d",
                "sha256:e9a51bbfe7e9802b5f3508687758b564069ba937748ad7b9e890086290d2f79e",
                "sha256:fbdaec13c5105f0c4e5c52614d04f0bca5f5af007910daa8b6b12095edaa67b3"
            ],
            "index": "pypi",
            "version": "==4.0.1"
        },
        "black": {
            "hashes": [
                "sha256:0052dba51dec07ed029ed61b18183942043e00008ec65d5028814afaab9a22fd",
                "sha256:0680d4380db3719ebcfb2613f34e86c8e6d15ffeabcf8ec59355c5e7b85bb555",
                "sha256:121ca7f10b4a01fd99951234abdbd97728e1240be89fde18480ffac16503d481",
                "sha256:162e37d49e93bd6eb6f1afc3e17a3d23a823042530c37c3c42eeeaf026f38468",
                "sha256:2a951cc83ab535d248c89f300eccbd625e80ab880fbcfb5ac8afb5f01a258ac9",
                "sha256:2bf649fda611c8550ca9d7592b69f0637218c2369b7744694c5e4902873b2f3a",
                "sha256:382998821f58e5c8238d3166c492139573325287820963d2f7de4d518bd76958",
                "sha256:49f7b39e30f326a34b5c9a4213213a6b221d7ae9d58ec70df1c4a307cf2a1580",
                "sha256:57c18c5165c1dbe291d5306e53fb3988122890e57bd9b3dcb75f967f13411a26",
                "sha256:7a0f701d314cfa0896b9001df70a530eb2472babb76086344e688829efd97d32",
                "sha256:8178318cb74f98bc571eef19068f6ab5613b3e59d4f47771582f04e175570ed8",
                "sha256:8b70eb40a78dfac24842458476135f9b99ab952dd3f2dab738c1881a9b38b753",
                "sha256:9880d7d419bb7e709b37e28deb5e68a49227713b623c72b2b931028ea65f619b",
                "sha256:9afd3f493666a0cd8f8df9a0200c6359ac53940cbde049dcb1a7eb6ee2dd7074",
                "sha256:a29650759a6a0944e7cca036674655c2f0f63806ddecc45ed40b7b8aa314b651",
                "sha256:a436e7881d33acaf2536c46a454bb964a50eff59b21b51c6ccf5a40601fbef24",
                "sha256:a59db0a2094d2259c554676403fa2fac3473ccf1354c1c63eccf7ae65aac8ab6",
                "sha256:a8471939da5e824b891b25751955be52ee7f8a30a916d570a5ba8e0f2eb2ecad",
                "sha256:b0bd97bea8903f5a2ba7219257a44e3f1f9d00073d6cc1add68f0beec69692ac",
                "sha256:b6a92a41ee34b883b359998f0c8e6eb8e99803aa8bf3123bf2b2e6fec505a221",
                "sha256:bb460c8561c8c1bec7824ecbc3ce085eb50005883a6203dcfb0122e95797ee06",
                "sha256:bfffba28dc52a58f04492181392ee380e95262af14ee01d4bc7bb1b1c6ca8d27",
                "sha256:c1c476bc7b7d021321e7d93dc2cbd78ce103b84d5a4cf97ed535fbc0d6660648",
                "sha256:c91dfc2c2a4e50df0026f88d2215e166616e0c80e86004d0003ece0488db2739",
                "sha256:e6663f91b6feca5d06f2ccd49a10f254f9298cc1f7f49c46e498a0771b507104"
            ],
            "index": "pypi",
            "version": "==23.1.0"
        },
        "certifi": {
            "hashes": [
                "sha256:35824b4c3a97115964b408844d64aa14db1cc518f6562e8d7261699d1350a9e3",
                "sha256:4ad3232f5e926d6718ec31cfc1fcadfde020920e278684144551c91769c7bc18"
            ],
            "markers": "python_version >= '3.6'",
            "version": "==2022.12.7"
        },
        "chardet": {
            "hashes": [
                "sha256:84ab92ed1c4d4f16916e05906b6b75a6c0fb5db821cc65e70cbd64a3e2a5eaae",
                "sha256:fc323ffcaeaed0e0a02bf4d117757b98aed530d9ed4531e3e15460124c106691"
            ],
            "version": "==3.0.4"
        },
        "click": {
            "hashes": [
                "sha256:7682dc8afb30297001674575ea00d1814d808d6a36af415a82bd481d37ba7b8e",
                "sha256:bb4d8133cb15a609f44e8213d9b391b0809795062913b383c62be0ee95b1db48"
            ],
            "markers": "python_version >= '3.7'",
            "version": "==8.1.3"
        },
        "flatten-dict": {
            "hashes": [
                "sha256:077b1540233dd67094881feb58dc353db9f1fedf5faeb51e334fe0cea4fb2b89",
                "sha256:96c1ed23f05128478e30435bb54cc0a0d7d2bc638235d9ef6ca4ca221d924b3f"
            ],
            "markers": "python_version >= '2.7' and python_version not in '3.0, 3.1, 3.2, 3.3, 3.4'",
            "version": "==0.2.0"
        },
        "h11": {
            "hashes": [
                "sha256:33d4bca7be0fa039f4e84d50ab00531047e53d6ee8ffbc83501ea602c169cae1",
                "sha256:4bc6d6a1238b7615b266ada57e0618568066f57dd6fa967d1290ec9309b2f2f1"
            ],
            "version": "==0.9.0"
        },
        "httpcore": {
            "hashes": [
                "sha256:72cfaa461dbdc262943ff4c9abf5b195391a03cdcc152e636adb4239b15e77e1",
                "sha256:a35dddd1f4cc34ff37788337ef507c0ad0276241ece6daf663ac9e77c0b87232"
            ],
            "markers": "python_version >= '3.6'",
            "version": "==0.11.1"
        },
        "httptools": {
            "hashes": [
                "sha256:0297822cea9f90a38df29f48e40b42ac3d48a28637368f3ec6d15eebefd182f9",
                "sha256:1af91b3650ce518d226466f30bbba5b6376dbd3ddb1b2be8b0658c6799dd450b",
                "sha256:1f90cd6fd97c9a1b7fe9215e60c3bd97336742a0857f00a4cb31547bc22560c2",
                "sha256:24bb4bb8ac3882f90aa95403a1cb48465de877e2d5298ad6ddcfdebec060787d",
                "sha256:295874861c173f9101960bba332429bb77ed4dcd8cdf5cee9922eb00e4f6bc09",
                "sha256:3625a55886257755cb15194efbf209584754e31d336e09e2ffe0685a76cb4b60",
                "sha256:3a47a34f6015dd52c9eb629c0f5a8a5193e47bf2a12d9a3194d231eaf1bc451a",
                "sha256:3cb8acf8f951363b617a8420768a9f249099b92e703c052f9a51b66342eea89b",
                "sha256:4b098e4bb1174096a93f48f6193e7d9aa7071506a5877da09a783509ca5fff42",
                "sha256:4d9ebac23d2de960726ce45f49d70eb5466725c0087a078866043dad115f850f",
                "sha256:50d4613025f15f4b11f1c54bbed4761c0020f7f921b95143ad6d58c151198142",
                "sha256:5230a99e724a1bdbbf236a1b58d6e8504b912b0552721c7c6b8570925ee0ccde",
                "sha256:54465401dbbec9a6a42cf737627fb0f014d50dc7365a6b6cd57753f151a86ff0",
                "sha256:550059885dc9c19a072ca6d6735739d879be3b5959ec218ba3e013fd2255a11b",
                "sha256:557be7fbf2bfa4a2ec65192c254e151684545ebab45eca5d50477d562c40f986",
                "sha256:5b65be160adcd9de7a7e6413a4966665756e263f0d5ddeffde277ffeee0576a5",
                "sha256:64eba6f168803a7469866a9c9b5263a7463fa8b7a25b35e547492aa7322036b6",
                "sha256:72ad589ba5e4a87e1d404cc1cb1b5780bfcb16e2aec957b88ce15fe879cc08ca",
                "sha256:7d0c1044bce274ec6711f0770fd2d5544fe392591d204c68328e60a46f88843b",
                "sha256:7e5eefc58d20e4c2da82c78d91b2906f1a947ef42bd668db05f4ab4201a99f49",
                "sha256:850fec36c48df5a790aa735417dca8ce7d4b48d59b3ebd6f83e88a8125cde324",
                "sha256:85b392aba273566c3d5596a0a490978c085b79700814fb22bfd537d381dd230c",
                "sha256:8c2a56b6aad7cc8f5551d8e04ff5a319d203f9d870398b94702300de50190f63",
                "sha256:8f470c79061599a126d74385623ff4744c4e0f4a0997a353a44923c0b561ee51",
                "sha256:8ffce9d81c825ac1deaa13bc9694c0562e2840a48ba21cfc9f3b4c922c16f372",
                "sha256:9423a2de923820c7e82e18980b937893f4aa8251c43684fa1772e341f6e06887",
                "sha256:9b571b281a19762adb3f48a7731f6842f920fa71108aff9be49888320ac3e24d",
                "sha256:a04fe458a4597aa559b79c7f48fe3dceabef0f69f562daf5c5e926b153817281",
                "sha256:aa47ffcf70ba6f7848349b8a6f9b481ee0f7637931d91a9860a1838bfc586901",
                "sha256:bede7ee075e54b9a5bde695b4fc8f569f30185891796b2e4e09e2226801d09bd",
                "sha256:c1d2357f791b12d86faced7b5736dea9ef4f5ecdc6c3f253e445ee82da579449",
                "sha256:c6eeefd4435055a8ebb6c5cc36111b8591c192c56a95b45fe2af22d9881eee25",
                "sha256:ca1b7becf7d9d3ccdbb2f038f665c0f4857e08e1d8481cbcc1a86a0afcfb62b2",
                "sha256:e67d4f8734f8054d2c4858570cc4b233bf753f56e85217de4dfb2495904cf02e",
                "sha256:e8a34e4c0ab7b1ca17b8763613783e2458e77938092c18ac919420ab8655c8c1",
                "sha256:e90491a4d77d0cb82e0e7a9cb35d86284c677402e4ce7ba6b448ccc7325c5421",
                "sha256:ef1616b3ba965cd68e6f759eeb5d34fbf596a79e84215eeceebf34ba3f61fdc7",
                "sha256:f222e1e9d3f13b68ff8a835574eda02e67277d51631d69d7cf7f8e07df678c86",
                "sha256:f5e3088f4ed33947e16fd865b8200f9cfae1144f41b64a8cf19b599508e096bc",
                "sha256:f659d7a48401158c59933904040085c200b4be631cb5f23a7d561fbae593ec1f",
                "sha256:fe9c766a0c35b7e3d6b6939393c8dfdd5da3ac5dec7f971ec9134f284c6c36d6"
            ],
            "markers": "python_full_version >= '3.5.0'",
            "version": "==0.5.0"
        },
        "httpx": {
            "hashes": [
                "sha256:4c81dbf98a29cb4f51f415140df56542f9d4860798d713e336642e953cddd1db",
                "sha256:7b3c07bfdcdadd92020dd4c07b15932abdcf1c898422a4e98de3d19b2223310b"
            ],
            "markers": "python_version >= '3.6'",
            "version": "==0.15.4"
        },
        "idna": {
            "hashes": [
                "sha256:814f528e8dead7d329833b91c5faa87d60bf71824cd12a7530b5526063d02cb4",
                "sha256:90b77e79eaa3eba6de819a0c442c0b4ceefc341a7a2ab77d7562bf49f425c5c2"
            ],
            "markers": "python_version >= '3.5'",
            "version": "==3.4"
        },
        "iso8601": {
            "hashes": [
                "sha256:32811e7b81deee2063ea6d2e94f8819a86d1f3811e49d23623a41fa832bef03f",
                "sha256:8400e90141bf792bce2634df533dc57e3bee19ea120a87bebcd3da89a58ad73f"
            ],
            "markers": "python_version < '4.0' and python_full_version >= '3.6.2'",
            "version": "==1.1.0"
        },
        "multidict": {
            "hashes": [
                "sha256:1ece5a3369835c20ed57adadc663400b5525904e53bae59ec854a5d36b39b21a",
                "sha256:275ca32383bc5d1894b6975bb4ca6a7ff16ab76fa622967625baeebcf8079000",
                "sha256:3750f2205b800aac4bb03b5ae48025a64e474d2c6cc79547988ba1d4122a09e2",
                "sha256:4538273208e7294b2659b1602490f4ed3ab1c8cf9dbdd817e0e9db8e64be2507",
                "sha256:5141c13374e6b25fe6bf092052ab55c0c03d21bd66c94a0e3ae371d3e4d865a5",
                "sha256:51a4d210404ac61d32dada00a50ea7ba412e6ea945bbe992e4d7a595276d2ec7",
                "sha256:5cf311a0f5ef80fe73e4f4c0f0998ec08f954a6ec72b746f3c179e37de1d210d",
                "sha256:6513728873f4326999429a8b00fc7ceddb2509b01d5fd3f3be7881a257b8d463",
                "sha256:7388d2ef3c55a8ba80da62ecfafa06a1c097c18032a501ffd4cabbc52d7f2b19",
                "sha256:9456e90649005ad40558f4cf51dbb842e32807df75146c6d940b6f5abb4a78f3",
                "sha256:c026fe9a05130e44157b98fea3ab12969e5b60691a276150db9eda71710cd10b",
                "sha256:d14842362ed4cf63751648e7672f7174c9818459d169231d03c56e84daf90b7c",
                "sha256:e0d072ae0f2a179c375f67e3da300b47e1a83293c554450b29c900e50afaae87",
                "sha256:f07acae137b71af3bb548bd8da720956a3bc9f9a0b87733e0899226a2317aeb7",
                "sha256:fbb77a75e529021e7c4a8d4e823d88ef4d23674a202be4f5addffc72cbb91430",
                "sha256:fcfbb44c59af3f8ea984de67ec7c306f618a3ec771c2843804069917a8f2e255",
                "sha256:feed85993dbdb1dbc29102f50bca65bdc68f2c0c8d352468c25b54874f23c39d"
            ],
            "markers": "python_version >= '3.5'",
            "version": "==4.7.6"
        },
        "mypy-extensions": {
            "hashes": [
                "sha256:4392f6c0eb8a5668a69e23d168ffa70f0be9ccfd32b5cc2d26a34ae5b844552d",
                "sha256:75dbf8955dc00442a438fc4d0666508a9a97b6bd41aa2f0ffe9d2f2725af0782"
            ],
            "markers": "python_version >= '3.5'",
            "version": "==1.0.0"
        },
        "packaging": {
            "hashes": [
                "sha256:714ac14496c3e68c99c29b00845f7a2b85f3bb6f1078fd9f72fd20f0570002b2",
                "sha256:b6ad297f8907de0fa2fe1ccbd26fdaf387f5f47c7275fedf8cce89f99446cf97"
            ],
            "markers": "python_version >= '3.7'",
            "version": "==23.0"
        },
        "pathlib2": {
            "hashes": [
                "sha256:5266a0fd000452f1b3467d782f079a4343c63aaa119221fbdc4e39577489ca5b",
                "sha256:9fe0edad898b83c0c3e199c842b27ed216645d2e177757b2dd67384d4113c641"
            ],
            "version": "==2.3.7.post1"
        },
        "pathspec": {
            "hashes": [
                "sha256:3a66eb970cbac598f9e5ccb5b2cf58930cd8e3ed86d393d541eaf2d8b1705229",
                "sha256:64d338d4e0914e91c1792321e6907b5a593f1ab1851de7fc269557a21b30ebbc"
            ],
            "markers": "python_version >= '3.7'",
            "version": "==0.11.0"
        },
        "platformdirs": {
            "hashes": [
                "sha256:8a1228abb1ef82d788f74139988b137e78692984ec7b08eaa6c65f1723af28f9",
                "sha256:b1d5eb14f221506f50d6604a561f4c5786d9e80355219694a1b244bcd96f4567"
            ],
            "markers": "python_version >= '3.7'",
            "version": "==3.0.0"
        },
        "pydantic": {
            "hashes": [
                "sha256:1fd326aff5d6c36f05735c7c9b3d5b0e933b4ca52ad0b6e4b38038d82703d35b",
                "sha256:2185a3b3d98ab4506a3f6707569802d2d92c3a7ba3a9a35683a7709ea6c2aaa2",
                "sha256:261f357f0aecda005934e413dfd7aa4077004a174dafe414a8325e6098a8e419",
                "sha256:305d0376c516b0dfa1dbefeae8c21042b57b496892d721905a6ec6b79494a66d",
                "sha256:3257bd714de9db2102b742570a56bf7978e90441193acac109b1f500290f5718",
                "sha256:3353072625ea2a9a6c81ad01b91e5c07fa70deb06368c71307529abf70d23325",
                "sha256:36e44a4de37b8aecffa81c081dbfe42c4d2bf9f6dff34d03dce157ec65eb0f15",
                "sha256:3bb99cf9655b377db1a9e47fa4479e3330ea96f4123c6c8200e482704bf1eda2",
                "sha256:3f9d9b2be177c3cb6027cd67fbf323586417868c06c3c85d0d101703136e6b31",
                "sha256:45edea10b75d3da43cfda12f3792833a3fa70b6eee4db1ed6aed528cef17c74e",
                "sha256:51782fd81f09edcf265823c3bf43ff36d00db246eca39ee765ef58dc8421a642",
                "sha256:532e97c35719f137ee5405bd3eeddc5c06eb91a032bc755a44e34a712420daf3",
                "sha256:58e41dd1e977531ac6073b11baac8c013f3cd8706a01d3dc74e86955be8b2c0c",
                "sha256:5920824fe1e21cbb3e38cf0f3dd24857c8959801d1031ce1fac1d50857a03bfb",
                "sha256:5f3bc8f103b56a8c88021d481410874b1f13edf6e838da607dcb57ecff9b4594",
                "sha256:63200cd8af1af2c07964546b7bc8f217e8bda9d0a2ef0ee0c797b36353914984",
                "sha256:663d2dd78596c5fa3eb996bc3f34b8c2a592648ad10008f98d1348be7ae212fb",
                "sha256:6a4b0aab29061262065bbdede617ef99cc5914d1bf0ddc8bcd8e3d7928d85bd6",
                "sha256:6bb0452d7b8516178c969d305d9630a3c9b8cf16fcf4713261c9ebd465af0d73",
                "sha256:72ef3783be8cbdef6bca034606a5de3862be6b72415dc5cb1fb8ddbac110049a",
                "sha256:76c930ad0746c70f0368c4596020b736ab65b473c1f9b3872310a835d852eb19",
                "sha256:7c5b94d598c90f2f46b3a983ffb46ab806a67099d118ae0da7ef21a2a4033b28",
                "sha256:7ce1612e98c6326f10888df951a26ec1a577d8df49ddcaea87773bfbe23ba5cc",
                "sha256:8481dca324e1c7b715ce091a698b181054d22072e848b6fc7895cd86f79b4449",
                "sha256:87f831e81ea0589cd18257f84386bf30154c5f4bed373b7b75e5cb0b5d53ea87",
                "sha256:9a9d9155e2a9f38b2eb9374c88f02fd4d6851ae17b65ee786a87d032f87008f8",
                "sha256:9e337ac83686645a46db0e825acceea8e02fca4062483f40e9ae178e8bd1103a",
                "sha256:b429f7c457aebb7fbe7cd69c418d1cd7c6fdc4d3c8697f45af78b8d5a7955760",
                "sha256:b473d00ccd5c2061fd896ac127b7755baad233f8d996ea288af14ae09f8e0d1e",
                "sha256:bd46a0e6296346c477e59a954da57beaf9c538da37b9df482e50f836e4a7d4bb",
                "sha256:c428c0f64a86661fb4873495c4fac430ec7a7cef2b8c1c28f3d1a7277f9ea5ab",
                "sha256:c9e5b778b6842f135902e2d82624008c6a79710207e28e86966cd136c621bfee",
                "sha256:ca9075ab3de9e48b75fa8ccb897c34ccc1519177ad8841d99f7fd74cf43be5bf",
                "sha256:f582cac9d11c227c652d3ce8ee223d94eb06f4228b52a8adaafa9fa62e73d5c9",
                "sha256:f5bee6c523d13944a1fdc6f0525bc86dbbd94372f17b83fa6331aabacc8fd08e",
                "sha256:f836444b4c5ece128b23ec36a446c9ab7f9b0f7981d0d27e13a7c366ee163f8a"
            ],
            "index": "pypi",
            "version": "==1.10.5"
        },
        "pyjwt": {
            "hashes": [
                "sha256:5c6eca3c2940464d106b99ba83b00c6add741c9becaec087fb7ccdefea71350e",
                "sha256:8d59a976fb773f3e6a39c85636357c4f0e242707394cadadd9814f5cbaa20e96"
            ],
            "version": "==1.7.1"
        },
        "pypika-tortoise": {
            "hashes": [
                "sha256:2d68bbb7e377673743cff42aa1059f3a80228d411fbcae591e4465e173109fd8",
                "sha256:d802868f479a708e3263724c7b5719a26ad79399b2a70cea065f4a4cadbebf36"
            ],
            "markers": "python_version >= '3.7' and python_version < '4.0'",
            "version": "==0.1.6"
        },
        "python-dotenv": {
            "hashes": [
                "sha256:1c93de8f636cde3ce377292818d0e440b6e45a82f215c3744979151fa8151c49",
                "sha256:41e12e0318bebc859fcc4d97d4db8d20ad21721a6aa5047dd59f090391cb549a"
            ],
            "index": "pypi",
            "version": "==0.21.1"
        },
        "pytz": {
            "hashes": [
                "sha256:01a0681c4b9684a28304615eba55d1ab31ae00bf68ec157ec3708a8182dbbcd0",
                "sha256:78f4f37d8198e0627c5f1143240bb0206b8691d8d7ac6d78fee88b78733f8c4a"
            ],
            "version": "==2022.7.1"
        },
        "rfc3986": {
            "extras": [
                "idna2008"
            ],
            "hashes": [
                "sha256:270aaf10d87d0d4e095063c65bf3ddbc6ee3d0b226328ce21e036f946e421835",
                "sha256:a86d6e1f5b1dc238b218b012df0aa79409667bb209e58da56d0b94704e712a97"
            ],
            "version": "==1.5.0"
        },
        "sanic": {
            "hashes": [
                "sha256:d91bf266f672460ff0be1a421fec4bb2ec572490bbf4453de0c2057994140341",
                "sha256:e0a54dc637042e6b9b5db965a9e41891500190de20e4573e874adfe043d428f7"
            ],
            "index": "pypi",
            "version": "==20.9.0"
        },
        "sanic-jwt-extended": {
            "hashes": [
                "sha256:bde1fdd6a4c422be9790c8bc01bbe463a0eafd11b645278bffeb489ac0b6ca41",
                "sha256:e2802777a595b493928e9a978a44f3b7caa28541a14b957290d3abe2ba44404e"
            ],
            "index": "pypi",
            "version": "==1.0.dev4"
        },
        "six": {
            "hashes": [
                "sha256:1e61c37477a1626458e36f7b1d82aa5c9b094fa4802892072e49de9c60c4c926",
                "sha256:8abb2f1d86890a2dfb989f9a77cfcfd3e47c2a354b01111771326f8aa26e0254"
            ],
            "markers": "python_version >= '2.7' and python_version not in '3.0, 3.1, 3.2, 3.3'",
            "version": "==1.16.0"
        },
        "sniffio": {
            "hashes": [
                "sha256:e60305c5e5d314f5389259b7f22aaa33d8f7dee49763119234af3755c55b9101",
                "sha256:eecefdce1e5bbfb7ad2eeaabf7c1eeb404d7757c379bd1f7e5cce9d8bf425384"
            ],
            "markers": "python_version >= '3.7'",
            "version": "==1.3.0"
        },
        "tomli": {
            "hashes": [
                "sha256:939de3e7a6161af0c887ef91b7d41a53e7c5a1ca976325f429cb46ea9bc30ecc",
                "sha256:de526c12914f0c550d15924c62d72abc48d6fe7364aa87328337a31007fe8a4f"
            ],
            "markers": "python_version < '3.11'",
            "version": "==2.0.1"
        },
        "tortoise-orm": {
            "hashes": [
                "sha256:9e368820c70a0866ef9c521d43aa5503485bd7a20a561edc0933b7b0f7036fbc",
                "sha256:ca574bca5191f55608f9013314b1f5d1c6ffd4165a1fcc2f60f6c902f529b3b6"
            ],
            "index": "pypi",
            "version": "==0.19.3"
        },
        "typing-extensions": {
            "hashes": [
                "sha256:5cb5f4a79139d699607b3ef622a1dedafa84e115ab0024e0d9c044a9479ca7cb",
                "sha256:fb33085c39dd998ac16d1431ebc293a8b3eedd00fd4a32de0ff79002c19511b4"
            ],
            "markers": "python_version >= '3.7'",
            "version": "==4.5.0"
        },
        "ujson": {
            "hashes": [
                "sha256:00343501dbaa5172e78ef0e37f9ebd08040110e11c12420ff7c1f9f0332d939e",
                "sha256:0e4e8981c6e7e9e637e637ad8ffe948a09e5434bc5f52ecbb82b4b4cfc092bfb",
                "sha256:0ee295761e1c6c30400641f0a20d381633d7622633cdf83a194f3c876a0e4b7e",
                "sha256:137831d8a0db302fb6828ee21c67ad63ac537bddc4376e1aab1c8573756ee21c",
                "sha256:14f9082669f90e18e64792b3fd0bf19f2b15e7fe467534a35ea4b53f3bf4b755",
                "sha256:16b2254a77b310f118717715259a196662baa6b1f63b1a642d12ab1ff998c3d7",
                "sha256:18679484e3bf9926342b1c43a3bd640f93a9eeeba19ef3d21993af7b0c44785d",
                "sha256:24ad1aa7fc4e4caa41d3d343512ce68e41411fb92adf7f434a4d4b3749dc8f58",
                "sha256:26c2b32b489c393106e9cb68d0a02e1a7b9d05a07429d875c46b94ee8405bdb7",
                "sha256:2f242eec917bafdc3f73a1021617db85f9958df80f267db69c76d766058f7b19",
                "sha256:341f891d45dd3814d31764626c55d7ab3fd21af61fbc99d070e9c10c1190680b",
                "sha256:35209cb2c13fcb9d76d249286105b4897b75a5e7f0efb0c0f4b90f222ce48910",
                "sha256:3d3b3499c55911f70d4e074c626acdb79a56f54262c3c83325ffb210fb03e44d",
                "sha256:4a3d794afbf134df3056a813e5c8a935208cddeae975bd4bc0ef7e89c52f0ce0",
                "sha256:4c592eb91a5968058a561d358d0fef59099ed152cfb3e1cd14eee51a7a93879e",
                "sha256:4ee997799a23227e2319a3f8817ce0b058923dbd31904761b788dc8f53bd3e30",
                "sha256:523ee146cdb2122bbd827f4dcc2a8e66607b3f665186bce9e4f78c9710b6d8ab",
                "sha256:54384ce4920a6d35fa9ea8e580bc6d359e3eb961fa7e43f46c78e3ed162d56ff",
                "sha256:5593263a7fcfb934107444bcfba9dde8145b282de0ee9f61e285e59a916dda0f",
                "sha256:581c945b811a3d67c27566539bfcb9705ea09cb27c4be0002f7a553c8886b817",
                "sha256:5eba5e69e4361ac3a311cf44fa71bc619361b6e0626768a494771aacd1c2f09b",
                "sha256:6411aea4c94a8e93c2baac096fbf697af35ba2b2ed410b8b360b3c0957a952d3",
                "sha256:64772a53f3c4b6122ed930ae145184ebaed38534c60f3d859d8c3f00911eb122",
                "sha256:67a19fd8e7d8cc58a169bea99fed5666023adf707a536d8f7b0a3c51dd498abf",
                "sha256:6abb8e6d8f1ae72f0ed18287245f5b6d40094e2656d1eab6d99d666361514074",
                "sha256:6e80f0d03e7e8646fc3d79ed2d875cebd4c83846e129737fdc4c2532dbd43d9e",
                "sha256:6faf46fa100b2b89e4db47206cf8a1ffb41542cdd34dde615b2fc2288954f194",
                "sha256:7312731c7826e6c99cdd3ac503cd9acd300598e7a80bcf41f604fee5f49f566c",
                "sha256:75204a1dd7ec6158c8db85a2f14a68d2143503f4bafb9a00b63fe09d35762a5e",
                "sha256:7592f40175c723c032cdbe9fe5165b3b5903604f774ab0849363386e99e1f253",
                "sha256:7b9dc5a90e2149643df7f23634fe202fed5ebc787a2a1be95cf23632b4d90651",
                "sha256:7df3fd35ebc14dafeea031038a99232b32f53fa4c3ecddb8bed132a43eefb8ad",
                "sha256:800bf998e78dae655008dd10b22ca8dc93bdcfcc82f620d754a411592da4bbf2",
                "sha256:8b4257307e3662aa65e2644a277ca68783c5d51190ed9c49efebdd3cbfd5fa44",
                "sha256:90712dfc775b2c7a07d4d8e059dd58636bd6ff1776d79857776152e693bddea6",
                "sha256:9b0f2680ce8a70f77f5d70aaf3f013d53e6af6d7058727a35d8ceb4a71cdd4e9",
                "sha256:a5d2f44331cf04689eafac7a6596c71d6657967c07ac700b0ae1c921178645da",
                "sha256:aae4d9e1b4c7b61780f0a006c897a4a1904f862fdab1abb3ea8f45bd11aa58f3",
                "sha256:adf445a49d9a97a5a4c9bb1d652a1528de09dd1c48b29f79f3d66cea9f826bf6",
                "sha256:af4639f684f425177d09ae409c07602c4096a6287027469157bfb6f83e01448b",
                "sha256:afff311e9f065a8f03c3753db7011bae7beb73a66189c7ea5fcb0456b7041ea4",
                "sha256:b01a9af52a0d5c46b2c68e3f258fdef2eacaa0ce6ae3e9eb97983f5b1166edb6",
                "sha256:b522be14a28e6ac1cf818599aeff1004a28b42df4ed4d7bc819887b9dac915fc",
                "sha256:b5ac3d5c5825e30b438ea92845380e812a476d6c2a1872b76026f2e9d8060fc2",
                "sha256:b6a6961fc48821d84b1198a09516e396d56551e910d489692126e90bf4887d29",
                "sha256:b7316d3edeba8a403686cdcad4af737b8415493101e7462a70ff73dd0609eafc",
                "sha256:b738282e12a05f400b291966630a98d622da0938caa4bc93cf65adb5f4281c60",
                "sha256:bab10165db6a7994e67001733f7f2caf3400b3e11538409d8756bc9b1c64f7e8",
                "sha256:bea8d30e362180aafecabbdcbe0e1f0b32c9fa9e39c38e4af037b9d3ca36f50c",
                "sha256:c0d1f7c3908357ee100aa64c4d1cf91edf99c40ac0069422a4fd5fd23b263263",
                "sha256:c3af9f9f22a67a8c9466a32115d9073c72a33ae627b11de6f592df0ee09b98b6",
                "sha256:c96e3b872bf883090ddf32cc41957edf819c5336ab0007d0cf3854e61841726d",
                "sha256:cd90027e6d93e8982f7d0d23acf88c896d18deff1903dd96140613389b25c0dd",
                "sha256:d2e43ccdba1cb5c6d3448eadf6fc0dae7be6c77e357a3abc968d1b44e265866d",
                "sha256:d36a807a24c7d44f71686685ae6fbc8793d784bca1adf4c89f5f780b835b6243",
                "sha256:d7ff6ebb43bc81b057724e89550b13c9a30eda0f29c2f506f8b009895438f5a6",
                "sha256:d8cd622c069368d5074bd93817b31bdb02f8d818e57c29e206f10a1f9c6337dd",
                "sha256:dda9aa4c33435147262cd2ea87c6b7a1ca83ba9b3933ff7df34e69fee9fced0c",
                "sha256:e788e5d5dcae8f6118ac9b45d0b891a0d55f7ac480eddcb7f07263f2bcf37b23",
                "sha256:e87cec407ec004cf1b04c0ed7219a68c12860123dfb8902ef880d3d87a71c172",
                "sha256:ea7423d8a2f9e160c5e011119741682414c5b8dce4ae56590a966316a07a4618",
                "sha256:ed22f9665327a981f288a4f758a432824dc0314e4195a0eaeb0da56a477da94d",
                "sha256:ed24406454bb5a31df18f0a423ae14beb27b28cdfa34f6268e7ebddf23da807e",
                "sha256:f7f241488879d91a136b299e0c4ce091996c684a53775e63bb442d1a8e9ae22a",
                "sha256:ff0004c3f5a9a6574689a553d1b7819d1a496b4f005a7451f339dc2d9f4cf98c"
            ],
            "markers": "sys_platform != 'win32' and implementation_name == 'cpython'",
            "version": "==5.7.0"
        },
        "uvloop": {
            "hashes": [
                "sha256:0949caf774b9fcefc7c5756bacbbbd3fc4c05a6b7eebc7c7ad6f825b23998d6d",
                "sha256:0ddf6baf9cf11a1a22c71487f39f15b2cf78eb5bde7e5b45fbb99e8a9d91b9e1",
                "sha256:1436c8673c1563422213ac6907789ecb2b070f5939b9cbff9ef7113f2b531595",
                "sha256:23609ca361a7fc587031429fa25ad2ed7242941adec948f9d10c045bfecab06b",
                "sha256:2a6149e1defac0faf505406259561bc14b034cdf1d4711a3ddcdfbaa8d825a05",
                "sha256:2deae0b0fb00a6af41fe60a675cec079615b01d68beb4cc7b722424406b126a8",
                "sha256:307958f9fc5c8bb01fad752d1345168c0abc5d62c1b72a4a8c6c06f042b45b20",
                "sha256:30babd84706115626ea78ea5dbc7dd8d0d01a2e9f9b306d24ca4ed5796c66ded",
                "sha256:3378eb62c63bf336ae2070599e49089005771cc651c8769aaad72d1bd9385a7c",
                "sha256:3d97672dc709fa4447ab83276f344a165075fd9f366a97b712bdd3fee05efae8",
                "sha256:3db8de10ed684995a7f34a001f15b374c230f7655ae840964d51496e2f8a8474",
                "sha256:3ebeeec6a6641d0adb2ea71dcfb76017602ee2bfd8213e3fcc18d8f699c5104f",
                "sha256:45cea33b208971e87a31c17622e4b440cac231766ec11e5d22c76fab3bf9df62",
                "sha256:6708f30db9117f115eadc4f125c2a10c1a50d711461699a0cbfaa45b9a78e376",
                "sha256:68532f4349fd3900b839f588972b3392ee56042e440dd5873dfbbcd2cc67617c",
                "sha256:6aafa5a78b9e62493539456f8b646f85abc7093dd997f4976bb105537cf2635e",
                "sha256:7d37dccc7ae63e61f7b96ee2e19c40f153ba6ce730d8ba4d3b4e9738c1dccc1b",
                "sha256:864e1197139d651a76c81757db5eb199db8866e13acb0dfe96e6fc5d1cf45fc4",
                "sha256:8887d675a64cfc59f4ecd34382e5b4f0ef4ae1da37ed665adba0c2badf0d6578",
                "sha256:8efcadc5a0003d3a6e887ccc1fb44dec25594f117a94e3127954c05cf144d811",
                "sha256:9b09e0f0ac29eee0451d71798878eae5a4e6a91aa275e114037b27f7db72702d",
                "sha256:a4aee22ece20958888eedbad20e4dbb03c37533e010fb824161b4f05e641f738",
                "sha256:a5abddb3558d3f0a78949c750644a67be31e47936042d4f6c888dd6f3c95f4aa",
                "sha256:c092a2c1e736086d59ac8e41f9c98f26bbf9b9222a76f21af9dfe949b99b2eb9",
                "sha256:c686a47d57ca910a2572fddfe9912819880b8765e2f01dc0dd12a9bf8573e539",
                "sha256:cbbe908fda687e39afd6ea2a2f14c2c3e43f2ca88e3a11964b297822358d0e6c",
                "sha256:ce9f61938d7155f79d3cb2ffa663147d4a76d16e08f65e2c66b77bd41b356718",
                "sha256:dbbaf9da2ee98ee2531e0c780455f2841e4675ff580ecf93fe5c48fe733b5667",
                "sha256:f1e507c9ee39c61bfddd79714e4f85900656db1aec4d40c6de55648e85c2799c",
                "sha256:ff3d00b70ce95adce264462c930fbaecb29718ba6563db354608f37e49e09024"
            ],
            "markers": "sys_platform != 'win32' and implementation_name == 'cpython'",
            "version": "==0.17.0"
        },
        "websockets": {
            "hashes": [
                "sha256:0e4fb4de42701340bd2353bb2eee45314651caa6ccee80dbd5f5d5978888fed5",
                "sha256:1d3f1bf059d04a4e0eb4985a887d49195e15ebabc42364f4eb564b1d065793f5",
                "sha256:20891f0dddade307ffddf593c733a3fdb6b83e6f9eef85908113e628fa5a8308",
                "sha256:295359a2cc78736737dd88c343cd0747546b2174b5e1adc223824bcaf3e164cb",
                "sha256:2db62a9142e88535038a6bcfea70ef9447696ea77891aebb730a333a51ed559a",
                "sha256:3762791ab8b38948f0c4d281c8b2ddfa99b7e510e46bd8dfa942a5fff621068c",
                "sha256:3db87421956f1b0779a7564915875ba774295cc86e81bc671631379371af1170",
                "sha256:3ef56fcc7b1ff90de46ccd5a687bbd13a3180132268c4254fc0fa44ecf4fc422",
                "sha256:4f9f7d28ce1d8f1295717c2c25b732c2bc0645db3215cf757551c392177d7cb8",
                "sha256:5c01fd846263a75bc8a2b9542606927cfad57e7282965d96b93c387622487485",
                "sha256:5c65d2da8c6bce0fca2528f69f44b2f977e06954c8512a952222cea50dad430f",
                "sha256:751a556205d8245ff94aeef23546a1113b1dd4f6e4d102ded66c39b99c2ce6c8",
                "sha256:7ff46d441db78241f4c6c27b3868c9ae71473fe03341340d2dfdbe8d79310acc",
                "sha256:965889d9f0e2a75edd81a07592d0ced54daa5b0785f57dc429c378edbcffe779",
                "sha256:9b248ba3dd8a03b1a10b19efe7d4f7fa41d158fdaa95e2cf65af5a7b95a4f989",
                "sha256:9bef37ee224e104a413f0780e29adb3e514a5b698aabe0d969a6ba426b8435d1",
                "sha256:c1ec8db4fac31850286b7cd3b9c0e1b944204668b8eb721674916d4e28744092",
                "sha256:c8a116feafdb1f84607cb3b14aa1418424ae71fee131642fc568d21423b51824",
                "sha256:ce85b06a10fc65e6143518b96d3dca27b081a740bae261c2fb20375801a9d56d",
                "sha256:d705f8aeecdf3262379644e4b55107a3b55860eb812b673b28d0fbc347a60c55",
                "sha256:e898a0863421650f0bebac8ba40840fc02258ef4714cb7e1fd76b6a6354bda36",
                "sha256:f8a7bff6e8664afc4e6c28b983845c5bc14965030e3fb98789734d416af77c4b"
            ],
            "markers": "python_full_version >= '3.6.1'",
            "version": "==8.1"
        },
        "yarl": {
            "hashes": [
                "sha256:009a028127e0a1755c38b03244c0bea9d5565630db9c4cf9572496e947137a87",
                "sha256:0414fd91ce0b763d4eadb4456795b307a71524dbacd015c657bb2a39db2eab89",
                "sha256:0978f29222e649c351b173da2b9b4665ad1feb8d1daa9d971eb90df08702668a",
                "sha256:0ef8fb25e52663a1c85d608f6dd72e19bd390e2ecaf29c17fb08f730226e3a08",
                "sha256:10b08293cda921157f1e7c2790999d903b3fd28cd5c208cf8826b3b508026996",
                "sha256:1684a9bd9077e922300ecd48003ddae7a7474e0412bea38d4631443a91d61077",
                "sha256:1b372aad2b5f81db66ee7ec085cbad72c4da660d994e8e590c997e9b01e44901",
                "sha256:1e21fb44e1eff06dd6ef971d4bdc611807d6bd3691223d9c01a18cec3677939e",
                "sha256:2305517e332a862ef75be8fad3606ea10108662bc6fe08509d5ca99503ac2aee",
                "sha256:24ad1d10c9db1953291f56b5fe76203977f1ed05f82d09ec97acb623a7976574",
                "sha256:272b4f1599f1b621bf2aabe4e5b54f39a933971f4e7c9aa311d6d7dc06965165",
                "sha256:2a1fca9588f360036242f379bfea2b8b44cae2721859b1c56d033adfd5893634",
                "sha256:2b4fa2606adf392051d990c3b3877d768771adc3faf2e117b9de7eb977741229",
                "sha256:3150078118f62371375e1e69b13b48288e44f6691c1069340081c3fd12c94d5b",
                "sha256:326dd1d3caf910cd26a26ccbfb84c03b608ba32499b5d6eeb09252c920bcbe4f",
                "sha256:34c09b43bd538bf6c4b891ecce94b6fa4f1f10663a8d4ca589a079a5018f6ed7",
                "sha256:388a45dc77198b2460eac0aca1efd6a7c09e976ee768b0d5109173e521a19daf",
                "sha256:3adeef150d528ded2a8e734ebf9ae2e658f4c49bf413f5f157a470e17a4a2e89",
                "sha256:3edac5d74bb3209c418805bda77f973117836e1de7c000e9755e572c1f7850d0",
                "sha256:3f6b4aca43b602ba0f1459de647af954769919c4714706be36af670a5f44c9c1",
                "sha256:3fc056e35fa6fba63248d93ff6e672c096f95f7836938241ebc8260e062832fe",
                "sha256:418857f837347e8aaef682679f41e36c24250097f9e2f315d39bae3a99a34cbf",
                "sha256:42430ff511571940d51e75cf42f1e4dbdded477e71c1b7a17f4da76c1da8ea76",
                "sha256:44ceac0450e648de86da8e42674f9b7077d763ea80c8ceb9d1c3e41f0f0a9951",
                "sha256:47d49ac96156f0928f002e2424299b2c91d9db73e08c4cd6742923a086f1c863",
                "sha256:48dd18adcf98ea9cd721a25313aef49d70d413a999d7d89df44f469edfb38a06",
                "sha256:49d43402c6e3013ad0978602bf6bf5328535c48d192304b91b97a3c6790b1562",
                "sha256:4d04acba75c72e6eb90745447d69f84e6c9056390f7a9724605ca9c56b4afcc6",
                "sha256:57a7c87927a468e5a1dc60c17caf9597161d66457a34273ab1760219953f7f4c",
                "sha256:58a3c13d1c3005dbbac5c9f0d3210b60220a65a999b1833aa46bd6677c69b08e",
                "sha256:5df5e3d04101c1e5c3b1d69710b0574171cc02fddc4b23d1b2813e75f35a30b1",
                "sha256:63243b21c6e28ec2375f932a10ce7eda65139b5b854c0f6b82ed945ba526bff3",
                "sha256:64dd68a92cab699a233641f5929a40f02a4ede8c009068ca8aa1fe87b8c20ae3",
                "sha256:6604711362f2dbf7160df21c416f81fac0de6dbcf0b5445a2ef25478ecc4c778",
                "sha256:6c4fcfa71e2c6a3cb568cf81aadc12768b9995323186a10827beccf5fa23d4f8",
                "sha256:6d88056a04860a98341a0cf53e950e3ac9f4e51d1b6f61a53b0609df342cc8b2",
                "sha256:705227dccbe96ab02c7cb2c43e1228e2826e7ead880bb19ec94ef279e9555b5b",
                "sha256:728be34f70a190566d20aa13dc1f01dc44b6aa74580e10a3fb159691bc76909d",
                "sha256:74dece2bfc60f0f70907c34b857ee98f2c6dd0f75185db133770cd67300d505f",
                "sha256:75c16b2a900b3536dfc7014905a128a2bea8fb01f9ee26d2d7d8db0a08e7cb2c",
                "sha256:77e913b846a6b9c5f767b14dc1e759e5aff05502fe73079f6f4176359d832581",
                "sha256:7a66c506ec67eb3159eea5096acd05f5e788ceec7b96087d30c7d2865a243918",
                "sha256:8c46d3d89902c393a1d1e243ac847e0442d0196bbd81aecc94fcebbc2fd5857c",
                "sha256:93202666046d9edadfe9f2e7bf5e0782ea0d497b6d63da322e541665d65a044e",
                "sha256:97209cc91189b48e7cfe777237c04af8e7cc51eb369004e061809bcdf4e55220",
                "sha256:a48f4f7fea9a51098b02209d90297ac324241bf37ff6be6d2b0149ab2bd51b37",
                "sha256:a783cd344113cb88c5ff7ca32f1f16532a6f2142185147822187913eb989f739",
                "sha256:ae0eec05ab49e91a78700761777f284c2df119376e391db42c38ab46fd662b77",
                "sha256:ae4d7ff1049f36accde9e1ef7301912a751e5bae0a9d142459646114c70ecba6",
                "sha256:b05df9ea7496df11b710081bd90ecc3a3db6adb4fee36f6a411e7bc91a18aa42",
                "sha256:baf211dcad448a87a0d9047dc8282d7de59473ade7d7fdf22150b1d23859f946",
                "sha256:bb81f753c815f6b8e2ddd2eef3c855cf7da193b82396ac013c661aaa6cc6b0a5",
                "sha256:bcd7bb1e5c45274af9a1dd7494d3c52b2be5e6bd8d7e49c612705fd45420b12d",
                "sha256:bf071f797aec5b96abfc735ab97da9fd8f8768b43ce2abd85356a3127909d146",
                "sha256:c15163b6125db87c8f53c98baa5e785782078fbd2dbeaa04c6141935eb6dab7a",
                "sha256:cb6d48d80a41f68de41212f3dfd1a9d9898d7841c8f7ce6696cf2fd9cb57ef83",
                "sha256:ceff9722e0df2e0a9e8a79c610842004fa54e5b309fe6d218e47cd52f791d7ef",
                "sha256:cfa2bbca929aa742b5084fd4663dd4b87c191c844326fcb21c3afd2d11497f80",
                "sha256:d617c241c8c3ad5c4e78a08429fa49e4b04bedfc507b34b4d8dceb83b4af3588",
                "sha256:d881d152ae0007809c2c02e22aa534e702f12071e6b285e90945aa3c376463c5",
                "sha256:da65c3f263729e47351261351b8679c6429151ef9649bba08ef2528ff2c423b2",
                "sha256:de986979bbd87272fe557e0a8fcb66fd40ae2ddfe28a8b1ce4eae22681728fef",
                "sha256:df60a94d332158b444301c7f569659c926168e4d4aad2cfbf4bce0e8fb8be826",
                "sha256:dfef7350ee369197106805e193d420b75467b6cceac646ea5ed3049fcc950a05",
                "sha256:e59399dda559688461762800d7fb34d9e8a6a7444fd76ec33220a926c8be1516",
                "sha256:e6f3515aafe0209dd17fb9bdd3b4e892963370b3de781f53e1746a521fb39fc0",
                "sha256:e7fd20d6576c10306dea2d6a5765f46f0ac5d6f53436217913e952d19237efc4",
                "sha256:ebb78745273e51b9832ef90c0898501006670d6e059f2cdb0e999494eb1450c2",
                "sha256:efff27bd8cbe1f9bd127e7894942ccc20c857aa8b5a0327874f30201e5ce83d0",
                "sha256:f37db05c6051eff17bc832914fe46869f8849de5b92dc4a3466cd63095d23dfd",
                "sha256:f8ca8ad414c85bbc50f49c0a106f951613dfa5f948ab69c10ce9b128d368baf8",
                "sha256:fb742dcdd5eec9f26b61224c23baea46c9055cf16f62475e11b9b15dfd5c117b",
                "sha256:fc77086ce244453e074e445104f0ecb27530d6fd3a46698e33f6c38951d5a0f1",
                "sha256:ff205b58dc2929191f68162633d5e10e8044398d7a45265f90a0f1d51f85f72c"
            ],
            "markers": "python_version >= '3.7'",
            "version": "==1.8.2"
        }
    },
    "develop": {}
}
